<?xml version="1.0" encoding="UTF-8"?>
<CodeBlocks_project_file>
	<FileVersion major="1" minor="6"/>
	<Project>
		<Option title="IC_someip"/>
		<Option makefile_is_custom="1"/>
		<Option compiler="gcc"/>
		<Option virtualFolders="CMake Files\;CMake Files\..\;CMake Files\..\..\;CMake Files\..\..\..\;CMake Files\..\..\..\..\;CMake Files\..\..\..\..\..\;CMake Files\..\..\..\..\..\..\;CMake Files\..\..\..\..\..\..\..\;CMake Files\..\..\..\..\..\..\..\usr\;CMake Files\..\..\..\..\..\..\..\usr\lib\;CMake Files\..\..\..\..\..\..\..\usr\lib\x86_64-linux-gnu\;CMake Files\..\..\..\..\..\..\..\usr\lib\x86_64-linux-gnu\cmake\;CMake Files\..\..\..\..\..\..\..\usr\lib\x86_64-linux-gnu\cmake\Qt5\;CMake Files\..\..\..\..\..\..\..\usr\lib\x86_64-linux-gnu\cmake\Qt5Core\;CMake Files\..\..\..\..\..\..\..\usr\lib\x86_64-linux-gnu\cmake\Qt5Quick\;CMake Files\..\..\..\..\..\..\..\usr\lib\x86_64-linux-gnu\cmake\Qt5Qml\;CMake Files\..\..\..\..\..\..\..\usr\lib\x86_64-linux-gnu\cmake\Qt5Network\;CMake Files\..\..\..\..\..\..\..\usr\lib\x86_64-linux-gnu\cmake\Qt5Gui\;CMake Files\..\..\..\..\..\..\..\usr\lib\x86_64-linux-gnu\cmake\Qt5Widgets\;CMake Files\..\..\..\..\..\..\..\usr\lib\x86_64-linux-gnu\cmake\Boost-1.71.0\;CMake Files\..\..\..\..\..\..\..\usr\lib\x86_64-linux-gnu\cmake\boost_headers-1.71.0\;CMake Files\..\..\..\..\..\..\..\usr\lib\x86_64-linux-gnu\cmake\boost_system-1.71.0\;CMake Files\..\..\..\..\..\..\..\usr\lib\x86_64-linux-gnu\cmake\boost_thread-1.71.0\;CMake Files\..\..\..\..\..\..\..\usr\lib\x86_64-linux-gnu\cmake\boost_atomic-1.71.0\;CMake Files\..\..\..\..\..\..\..\usr\lib\x86_64-linux-gnu\cmake\boost_log-1.71.0\;CMake Files\..\..\..\..\..\..\..\usr\lib\x86_64-linux-gnu\cmake\boost_chrono-1.71.0\;CMake Files\..\..\..\..\..\..\..\usr\lib\x86_64-linux-gnu\cmake\boost_date_time-1.71.0\;CMake Files\..\..\..\..\..\..\..\usr\lib\x86_64-linux-gnu\cmake\boost_filesystem-1.71.0\;CMake Files\..\..\..\..\..\..\..\usr\lib\x86_64-linux-gnu\cmake\boost_regex-1.71.0\;CMake Files\..\..\..\..\..\..\..\usr\local\;CMake Files\..\..\..\..\..\..\..\usr\local\lib\;CMake Files\..\..\..\..\..\..\..\usr\local\lib\cmake\;CMake Files\..\..\..\..\..\..\..\usr\local\lib\cmake\CommonAPI-SomeIP-3.2.4\;CMake Files\..\..\..\..\..\capicxx-core-runtime\;CMake Files\..\..\..\..\..\capicxx-core-runtime\build\;CMake Files\..\..\..\..\..\vsomeip\;CMake Files\..\..\..\..\..\vsomeip\build\;"/>
		<Build>
			<Target title="all">
				<Option working_dir="/home/hanbin/OTA/Instrument-Cluster/IC_someip/v1.0.0/IC_someip"/>
				<Option type="4"/>
				<MakeCommands>
					<Build command="/home/hanbin/.local/bin/ninja -v all"/>
					<CompileFile command="/home/hanbin/.local/bin/ninja -v &quot;$file&quot;"/>
					<Clean command="/home/hanbin/.local/bin/ninja -v clean"/>
					<DistClean command="/home/hanbin/.local/bin/ninja -v clean"/>
				</MakeCommands>
			</Target>
			<Target title="rebuild_cache">
				<Option working_dir="/home/hanbin/OTA/Instrument-Cluster/IC_someip/v1.0.0/IC_someip"/>
				<Option type="4"/>
				<MakeCommands>
					<Build command="/home/hanbin/.local/bin/ninja -v rebuild_cache"/>
					<CompileFile command="/home/hanbin/.local/bin/ninja -v &quot;$file&quot;"/>
					<Clean command="/home/hanbin/.local/bin/ninja -v clean"/>
					<DistClean command="/home/hanbin/.local/bin/ninja -v clean"/>
				</MakeCommands>
			</Target>
			<Target title="edit_cache">
				<Option working_dir="/home/hanbin/OTA/Instrument-Cluster/IC_someip/v1.0.0/IC_someip"/>
				<Option type="4"/>
				<MakeCommands>
					<Build command="/home/hanbin/.local/bin/ninja -v edit_cache"/>
					<CompileFile command="/home/hanbin/.local/bin/ninja -v &quot;$file&quot;"/>
					<Clean command="/home/hanbin/.local/bin/ninja -v clean"/>
					<DistClean command="/home/hanbin/.local/bin/ninja -v clean"/>
				</MakeCommands>
			</Target>
			<Target title="IC_someip-someip">
				<Option output="/home/hanbin/OTA/Instrument-Cluster/IC_someip/v1.0.0/IC_someip/libIC_someip-someip.so" prefix_auto="0" extension_auto="0"/>
				<Option working_dir="/home/hanbin/OTA/Instrument-Cluster/IC_someip/v1.0.0/IC_someip"/>
				<Option object_output="./"/>
				<Option type="3"/>
				<Option compiler="gcc"/>
				<Compiler>
					<Add directory="/home/hanbin/OTA/Instrument-Cluster/IC_someip/v1.0.0/IC_someip"/>
					<Add directory="/home/hanbin/OTA/Instrument-Cluster/IC_someip/v1.0.0/IC_someip/IC_someip-someip_autogen/include"/>
					<Add directory="/usr/include"/>
					<Add directory="/home/hanbin/OTA/Instrument-Cluster/IC_someip/v1.0.0/IC_someip/../../../src-gen"/>
					<Add directory="/home/hanbin/OTA/Instrument-Cluster/IC_someip/v1.0.0/IC_someip/../../../src-gen-inter"/>
					<Add directory="/home/hanbin/OTA/Instrument-Cluster/IC_someip/v1.0.0/IC_someip/../../../install_folder/include/CommonAPI-3.2"/>
					<Add directory="/home/hanbin/OTA/Instrument-Cluster/IC_someip/v1.0.0/IC_someip/../../../install_folder/include"/>
					<Add directory="/home/hanbin/OTA/Instrument-Cluster/IC_someip/v1.0.0/IC_someip/../../../install_folder/lib"/>
					<Add directory="/home/hanbin/OTA/Instrument-Cluster/IC_someip/v1.0.0/IC_someip/../../../src-gen/core"/>
					<Add directory="/home/hanbin/OTA/Instrument-Cluster/IC_someip/v1.0.0/IC_someip/../../../src-gen/someip"/>
					<Add directory="/home/hanbin/OTA/Instrument-Cluster/IC_someip/v1.0.0/IC_someip/../../../src-gen-inter/core"/>
					<Add directory="/home/hanbin/OTA/Instrument-Cluster/IC_someip/v1.0.0/IC_someip/../../../src-gen-inter/someip"/>
					<Add directory="/usr/local/include/CommonAPI-3.2"/>
					<Add directory="/home/hanbin/capicxx-core-runtime/include"/>
					<Add directory="/home/hanbin/vsomeip/interface"/>
					<Add directory="/home/hanbin/vsomeip/build"/>
					<Add directory="/usr/include/c++/9"/>
					<Add directory="/usr/include/x86_64-linux-gnu/c++/9"/>
					<Add directory="/usr/include/c++/9/backward"/>
					<Add directory="/usr/lib/gcc/x86_64-linux-gnu/9/include"/>
					<Add directory="/usr/local/include"/>
					<Add directory="/usr/include/x86_64-linux-gnu"/>
				</Compiler>
				<MakeCommands>
					<Build command="/home/hanbin/.local/bin/ninja -v IC_someip-someip"/>
					<CompileFile command="/home/hanbin/.local/bin/ninja -v &quot;$file&quot;"/>
					<Clean command="/home/hanbin/.local/bin/ninja -v clean"/>
					<DistClean command="/home/hanbin/.local/bin/ninja -v clean"/>
				</MakeCommands>
			</Target>
			<Target title="IC_someip-someip/fast">
				<Option output="/home/hanbin/OTA/Instrument-Cluster/IC_someip/v1.0.0/IC_someip/libIC_someip-someip.so" prefix_auto="0" extension_auto="0"/>
				<Option working_dir="/home/hanbin/OTA/Instrument-Cluster/IC_someip/v1.0.0/IC_someip"/>
				<Option object_output="./"/>
				<Option type="3"/>
				<Option compiler="gcc"/>
				<Compiler>
					<Add directory="/home/hanbin/OTA/Instrument-Cluster/IC_someip/v1.0.0/IC_someip"/>
					<Add directory="/home/hanbin/OTA/Instrument-Cluster/IC_someip/v1.0.0/IC_someip/IC_someip-someip_autogen/include"/>
					<Add directory="/usr/include"/>
					<Add directory="/home/hanbin/OTA/Instrument-Cluster/IC_someip/v1.0.0/IC_someip/../../../src-gen"/>
					<Add directory="/home/hanbin/OTA/Instrument-Cluster/IC_someip/v1.0.0/IC_someip/../../../src-gen-inter"/>
					<Add directory="/home/hanbin/OTA/Instrument-Cluster/IC_someip/v1.0.0/IC_someip/../../../install_folder/include/CommonAPI-3.2"/>
					<Add directory="/home/hanbin/OTA/Instrument-Cluster/IC_someip/v1.0.0/IC_someip/../../../install_folder/include"/>
					<Add directory="/home/hanbin/OTA/Instrument-Cluster/IC_someip/v1.0.0/IC_someip/../../../install_folder/lib"/>
					<Add directory="/home/hanbin/OTA/Instrument-Cluster/IC_someip/v1.0.0/IC_someip/../../../src-gen/core"/>
					<Add directory="/home/hanbin/OTA/Instrument-Cluster/IC_someip/v1.0.0/IC_someip/../../../src-gen/someip"/>
					<Add directory="/home/hanbin/OTA/Instrument-Cluster/IC_someip/v1.0.0/IC_someip/../../../src-gen-inter/core"/>
					<Add directory="/home/hanbin/OTA/Instrument-Cluster/IC_someip/v1.0.0/IC_someip/../../../src-gen-inter/someip"/>
					<Add directory="/usr/local/include/CommonAPI-3.2"/>
					<Add directory="/home/hanbin/capicxx-core-runtime/include"/>
					<Add directory="/home/hanbin/vsomeip/interface"/>
					<Add directory="/home/hanbin/vsomeip/build"/>
					<Add directory="/usr/include/c++/9"/>
					<Add directory="/usr/include/x86_64-linux-gnu/c++/9"/>
					<Add directory="/usr/include/c++/9/backward"/>
					<Add directory="/usr/lib/gcc/x86_64-linux-gnu/9/include"/>
					<Add directory="/usr/local/include"/>
					<Add directory="/usr/include/x86_64-linux-gnu"/>
				</Compiler>
				<MakeCommands>
					<Build command="/home/hanbin/.local/bin/ninja -v IC_someip-someip/fast"/>
					<CompileFile command="/home/hanbin/.local/bin/ninja -v &quot;$file&quot;"/>
					<Clean command="/home/hanbin/.local/bin/ninja -v clean"/>
					<DistClean command="/home/hanbin/.local/bin/ninja -v clean"/>
				</MakeCommands>
			</Target>
			<Target title="IC_someip">
				<Option output="/home/hanbin/OTA/Instrument-Cluster/IC_someip/v1.0.0/IC_someip/IC_someip" prefix_auto="0" extension_auto="0"/>
				<Option working_dir="/home/hanbin/OTA/Instrument-Cluster/IC_someip/v1.0.0/IC_someip"/>
				<Option object_output="./"/>
				<Option type="1"/>
				<Option compiler="gcc"/>
				<Compiler>
					<Add option="-DQT_QML_DEBUG"/>
					<Add option="-DQT_CORE_LIB"/>
					<Add option="-DQT_NO_DEBUG"/>
					<Add option="-DQT_QUICK_LIB"/>
					<Add option="-DQT_QML_LIB"/>
					<Add option="-DQT_NETWORK_LIB"/>
					<Add option="-DQT_GUI_LIB"/>
					<Add directory="/home/hanbin/OTA/Instrument-Cluster/IC_someip/v1.0.0/IC_someip"/>
					<Add directory="/home/hanbin/OTA/Instrument-Cluster/IC_someip/v1.0.0/IC_someip/IC_someip_autogen/include"/>
					<Add directory="/usr/include"/>
					<Add directory="/home/hanbin/OTA/Instrument-Cluster/IC_someip/v1.0.0/IC_someip/../../../src-gen"/>
					<Add directory="/home/hanbin/OTA/Instrument-Cluster/IC_someip/v1.0.0/IC_someip/../../../src-gen-inter"/>
					<Add directory="/home/hanbin/OTA/Instrument-Cluster/IC_someip/v1.0.0/IC_someip/../../../install_folder/include/CommonAPI-3.2"/>
					<Add directory="/home/hanbin/OTA/Instrument-Cluster/IC_someip/v1.0.0/IC_someip/../../../install_folder/include"/>
					<Add directory="/home/hanbin/OTA/Instrument-Cluster/IC_someip/v1.0.0/IC_someip/../../../install_folder/lib"/>
					<Add directory="/home/hanbin/OTA/Instrument-Cluster/IC_someip/v1.0.0/IC_someip/../../../src-gen/core"/>
					<Add directory="/home/hanbin/OTA/Instrument-Cluster/IC_someip/v1.0.0/IC_someip/../../../src-gen/someip"/>
					<Add directory="/home/hanbin/OTA/Instrument-Cluster/IC_someip/v1.0.0/IC_someip/../../../src-gen-inter/core"/>
					<Add directory="/home/hanbin/OTA/Instrument-Cluster/IC_someip/v1.0.0/IC_someip/../../../src-gen-inter/someip"/>
					<Add directory="/usr/include/x86_64-linux-gnu/qt5"/>
					<Add directory="/usr/include/x86_64-linux-gnu/qt5/QtCore"/>
					<Add directory="/usr/lib/x86_64-linux-gnu/qt5/mkspecs/linux-g++"/>
					<Add directory="/usr/include/x86_64-linux-gnu/qt5/QtQuick"/>
					<Add directory="/usr/include/x86_64-linux-gnu/qt5/QtQml"/>
					<Add directory="/usr/include/x86_64-linux-gnu/qt5/QtNetwork"/>
					<Add directory="/usr/include/x86_64-linux-gnu/qt5/QtGui"/>
					<Add directory="/usr/include/c++/9"/>
					<Add directory="/usr/include/x86_64-linux-gnu/c++/9"/>
					<Add directory="/usr/include/c++/9/backward"/>
					<Add directory="/usr/lib/gcc/x86_64-linux-gnu/9/include"/>
					<Add directory="/usr/local/include"/>
					<Add directory="/usr/include/x86_64-linux-gnu"/>
				</Compiler>
				<MakeCommands>
					<Build command="/home/hanbin/.local/bin/ninja -v IC_someip"/>
					<CompileFile command="/home/hanbin/.local/bin/ninja -v &quot;$file&quot;"/>
					<Clean command="/home/hanbin/.local/bin/ninja -v clean"/>
					<DistClean command="/home/hanbin/.local/bin/ninja -v clean"/>
				</MakeCommands>
			</Target>
			<Target title="IC_someip/fast">
				<Option output="/home/hanbin/OTA/Instrument-Cluster/IC_someip/v1.0.0/IC_someip/IC_someip" prefix_auto="0" extension_auto="0"/>
				<Option working_dir="/home/hanbin/OTA/Instrument-Cluster/IC_someip/v1.0.0/IC_someip"/>
				<Option object_output="./"/>
				<Option type="1"/>
				<Option compiler="gcc"/>
				<Compiler>
					<Add option="-DQT_QML_DEBUG"/>
					<Add option="-DQT_CORE_LIB"/>
					<Add option="-DQT_NO_DEBUG"/>
					<Add option="-DQT_QUICK_LIB"/>
					<Add option="-DQT_QML_LIB"/>
					<Add option="-DQT_NETWORK_LIB"/>
					<Add option="-DQT_GUI_LIB"/>
					<Add directory="/home/hanbin/OTA/Instrument-Cluster/IC_someip/v1.0.0/IC_someip"/>
					<Add directory="/home/hanbin/OTA/Instrument-Cluster/IC_someip/v1.0.0/IC_someip/IC_someip_autogen/include"/>
					<Add directory="/usr/include"/>
					<Add directory="/home/hanbin/OTA/Instrument-Cluster/IC_someip/v1.0.0/IC_someip/../../../src-gen"/>
					<Add directory="/home/hanbin/OTA/Instrument-Cluster/IC_someip/v1.0.0/IC_someip/../../../src-gen-inter"/>
					<Add directory="/home/hanbin/OTA/Instrument-Cluster/IC_someip/v1.0.0/IC_someip/../../../install_folder/include/CommonAPI-3.2"/>
					<Add directory="/home/hanbin/OTA/Instrument-Cluster/IC_someip/v1.0.0/IC_someip/../../../install_folder/include"/>
					<Add directory="/home/hanbin/OTA/Instrument-Cluster/IC_someip/v1.0.0/IC_someip/../../../install_folder/lib"/>
					<Add directory="/home/hanbin/OTA/Instrument-Cluster/IC_someip/v1.0.0/IC_someip/../../../src-gen/core"/>
					<Add directory="/home/hanbin/OTA/Instrument-Cluster/IC_someip/v1.0.0/IC_someip/../../../src-gen/someip"/>
					<Add directory="/home/hanbin/OTA/Instrument-Cluster/IC_someip/v1.0.0/IC_someip/../../../src-gen-inter/core"/>
					<Add directory="/home/hanbin/OTA/Instrument-Cluster/IC_someip/v1.0.0/IC_someip/../../../src-gen-inter/someip"/>
					<Add directory="/usr/include/x86_64-linux-gnu/qt5"/>
					<Add directory="/usr/include/x86_64-linux-gnu/qt5/QtCore"/>
					<Add directory="/usr/lib/x86_64-linux-gnu/qt5/mkspecs/linux-g++"/>
					<Add directory="/usr/include/x86_64-linux-gnu/qt5/QtQuick"/>
					<Add directory="/usr/include/x86_64-linux-gnu/qt5/QtQml"/>
					<Add directory="/usr/include/x86_64-linux-gnu/qt5/QtNetwork"/>
					<Add directory="/usr/include/x86_64-linux-gnu/qt5/QtGui"/>
					<Add directory="/usr/include/c++/9"/>
					<Add directory="/usr/include/x86_64-linux-gnu/c++/9"/>
					<Add directory="/usr/include/c++/9/backward"/>
					<Add directory="/usr/lib/gcc/x86_64-linux-gnu/9/include"/>
					<Add directory="/usr/local/include"/>
					<Add directory="/usr/include/x86_64-linux-gnu"/>
				</Compiler>
				<MakeCommands>
					<Build command="/home/hanbin/.local/bin/ninja -v IC_someip/fast"/>
					<CompileFile command="/home/hanbin/.local/bin/ninja -v &quot;$file&quot;"/>
					<Clean command="/home/hanbin/.local/bin/ninja -v clean"/>
					<DistClean command="/home/hanbin/.local/bin/ninja -v clean"/>
				</MakeCommands>
			</Target>
			<Target title="IC_someip-someip_autogen">
				<Option working_dir="/home/hanbin/OTA/Instrument-Cluster/IC_someip/v1.0.0/IC_someip"/>
				<Option type="4"/>
				<MakeCommands>
					<Build command="/home/hanbin/.local/bin/ninja -v IC_someip-someip_autogen"/>
					<CompileFile command="/home/hanbin/.local/bin/ninja -v &quot;$file&quot;"/>
					<Clean command="/home/hanbin/.local/bin/ninja -v clean"/>
					<DistClean command="/home/hanbin/.local/bin/ninja -v clean"/>
				</MakeCommands>
			</Target>
			<Target title="IC_someip_autogen">
				<Option working_dir="/home/hanbin/OTA/Instrument-Cluster/IC_someip/v1.0.0/IC_someip"/>
				<Option type="4"/>
				<MakeCommands>
					<Build command="/home/hanbin/.local/bin/ninja -v IC_someip_autogen"/>
					<CompileFile command="/home/hanbin/.local/bin/ninja -v &quot;$file&quot;"/>
					<Clean command="/home/hanbin/.local/bin/ninja -v clean"/>
					<DistClean command="/home/hanbin/.local/bin/ninja -v clean"/>
				</MakeCommands>
			</Target>
		</Build>
		<Unit filename="/home/hanbin/OTA/Instrument-Cluster/IC_someip/v1.0.0/IC_someip/Clock.h">
			<Option target="IC_someip"/>
		</Unit>
		<Unit filename="/home/hanbin/OTA/Instrument-Cluster/IC_someip/v1.0.0/IC_someip/ICStubImpl.cpp">
			<Option target="IC_someip"/>
		</Unit>
		<Unit filename="/home/hanbin/OTA/Instrument-Cluster/IC_someip/v1.0.0/IC_someip/ICStubImpl.h">
			<Option target="IC_someip"/>
		</Unit>
		<Unit filename="/home/hanbin/OTA/Instrument-Cluster/IC_someip/v1.0.0/IC_someip/IC_someip-someip_autogen/mocs_compilation.cpp">
			<Option target="IC_someip-someip"/>
		</Unit>
		<Unit filename="/home/hanbin/OTA/Instrument-Cluster/IC_someip/v1.0.0/IC_someip/IC_someip_autogen/EWIEGA46WW/qrc_qml.cpp">
			<Option target="IC_someip"/>
		</Unit>
		<Unit filename="/home/hanbin/OTA/Instrument-Cluster/IC_someip/v1.0.0/IC_someip/IC_someip_autogen/EWIEGA46WW/qrc_qml.cpp.rule">
			<Option target="IC_someip"/>
		</Unit>
		<Unit filename="/home/hanbin/OTA/Instrument-Cluster/IC_someip/v1.0.0/IC_someip/IC_someip_autogen/mocs_compilation.cpp">
			<Option target="IC_someip"/>
		</Unit>
		<Unit filename="/home/hanbin/OTA/Instrument-Cluster/IC_someip/v1.0.0/IC_someip/battery.cpp">
			<Option target="IC_someip"/>
		</Unit>
		<Unit filename="/home/hanbin/OTA/Instrument-Cluster/IC_someip/v1.0.0/IC_someip/battery.h">
			<Option target="IC_someip"/>
		</Unit>
		<Unit filename="/home/hanbin/OTA/Instrument-Cluster/IC_someip/v1.0.0/IC_someip/batteryManager.cpp">
			<Option target="IC_someip"/>
		</Unit>
		<Unit filename="/home/hanbin/OTA/Instrument-Cluster/IC_someip/v1.0.0/IC_someip/batteryManager.h">
			<Option target="IC_someip"/>
		</Unit>
		<Unit filename="/home/hanbin/OTA/Instrument-Cluster/IC_someip/v1.0.0/IC_someip/battery_gauge.cpp">
			<Option target="IC_someip"/>
		</Unit>
		<Unit filename="/home/hanbin/OTA/Instrument-Cluster/IC_someip/v1.0.0/IC_someip/battery_gauge.h">
			<Option target="IC_someip"/>
		</Unit>
		<Unit filename="/home/hanbin/OTA/Instrument-Cluster/IC_someip/v1.0.0/IC_someip/batteryupdate.cpp">
			<Option target="IC_someip"/>
		</Unit>
		<Unit filename="/home/hanbin/OTA/Instrument-Cluster/IC_someip/v1.0.0/IC_someip/batteryupdate.h">
			<Option target="IC_someip"/>
		</Unit>
		<Unit filename="/home/hanbin/OTA/Instrument-Cluster/IC_someip/v1.0.0/IC_someip/gear.cpp">
			<Option target="IC_someip"/>
		</Unit>
		<Unit filename="/home/hanbin/OTA/Instrument-Cluster/IC_someip/v1.0.0/IC_someip/gear.h">
			<Option target="IC_someip"/>
		</Unit>
		<Unit filename="/home/hanbin/OTA/Instrument-Cluster/IC_someip/v1.0.0/IC_someip/get_battery.cpp">
			<Option target="IC_someip"/>
		</Unit>
		<Unit filename="/home/hanbin/OTA/Instrument-Cluster/IC_someip/v1.0.0/IC_someip/get_battery.h">
			<Option target="IC_someip"/>
		</Unit>
		<Unit filename="/home/hanbin/OTA/Instrument-Cluster/IC_someip/v1.0.0/IC_someip/ic_interstubimpl.cpp">
			<Option target="IC_someip"/>
		</Unit>
		<Unit filename="/home/hanbin/OTA/Instrument-Cluster/IC_someip/v1.0.0/IC_someip/ic_interstubimpl.h">
			<Option target="IC_someip"/>
		</Unit>
		<Unit filename="/home/hanbin/OTA/Instrument-Cluster/IC_someip/v1.0.0/IC_someip/lrsign.cpp">
			<Option target="IC_someip"/>
		</Unit>
		<Unit filename="/home/hanbin/OTA/Instrument-Cluster/IC_someip/v1.0.0/IC_someip/lrsign.h">
			<Option target="IC_someip"/>
		</Unit>
		<Unit filename="/home/hanbin/OTA/Instrument-Cluster/IC_someip/v1.0.0/IC_someip/main.cpp">
			<Option target="IC_someip"/>
		</Unit>
		<Unit filename="/home/hanbin/OTA/Instrument-Cluster/IC_someip/v1.0.0/IC_someip/mode.cpp">
			<Option target="IC_someip"/>
		</Unit>
		<Unit filename="/home/hanbin/OTA/Instrument-Cluster/IC_someip/v1.0.0/IC_someip/mode.h">
			<Option target="IC_someip"/>
		</Unit>
		<Unit filename="/home/hanbin/OTA/Instrument-Cluster/IC_someip/v1.0.0/IC_someip/pdc.cpp">
			<Option target="IC_someip"/>
		</Unit>
		<Unit filename="/home/hanbin/OTA/Instrument-Cluster/IC_someip/v1.0.0/IC_someip/pdc.h">
			<Option target="IC_someip"/>
		</Unit>
		<Unit filename="/home/hanbin/OTA/Instrument-Cluster/IC_someip/v1.0.0/IC_someip/qml.qrc">
			<Option target="IC_someip"/>
		</Unit>
		<Unit filename="/home/hanbin/OTA/Instrument-Cluster/IC_someip/v1.0.0/IC_someip/receiver.cpp">
			<Option target="IC_someip"/>
		</Unit>
		<Unit filename="/home/hanbin/OTA/Instrument-Cluster/IC_someip/v1.0.0/IC_someip/receiver.h">
			<Option target="IC_someip"/>
		</Unit>
		<Unit filename="/home/hanbin/OTA/Instrument-Cluster/IC_someip/v1.0.0/IC_someip/sender.cpp">
			<Option target="IC_someip"/>
		</Unit>
		<Unit filename="/home/hanbin/OTA/Instrument-Cluster/IC_someip/v1.0.0/IC_someip/sender.h">
			<Option target="IC_someip"/>
		</Unit>
		<Unit filename="/home/hanbin/OTA/Instrument-Cluster/IC_someip/v1.0.0/IC_someip/speedProvider.h">
			<Option target="IC_someip"/>
		</Unit>
		<Unit filename="/home/hanbin/OTA/Instrument-Cluster/src-gen-inter/someip/v0/commonapi/IC_interSomeIPDeployment.cpp">
			<Option target="IC_someip-someip"/>
		</Unit>
		<Unit filename="/home/hanbin/OTA/Instrument-Cluster/src-gen-inter/someip/v0/commonapi/IC_interSomeIPDeployment.hpp">
			<Option target="IC_someip-someip"/>
		</Unit>
		<Unit filename="/home/hanbin/OTA/Instrument-Cluster/src-gen-inter/someip/v0/commonapi/IC_interSomeIPProxy.cpp">
			<Option target="IC_someip-someip"/>
		</Unit>
		<Unit filename="/home/hanbin/OTA/Instrument-Cluster/src-gen-inter/someip/v0/commonapi/IC_interSomeIPProxy.hpp">
			<Option target="IC_someip-someip"/>
		</Unit>
		<Unit filename="/home/hanbin/OTA/Instrument-Cluster/src-gen-inter/someip/v0/commonapi/IC_interSomeIPStubAdapter.cpp">
			<Option target="IC_someip-someip"/>
		</Unit>
		<Unit filename="/home/hanbin/OTA/Instrument-Cluster/src-gen-inter/someip/v0/commonapi/IC_interSomeIPStubAdapter.hpp">
			<Option target="IC_someip-someip"/>
		</Unit>
		<Unit filename="/home/hanbin/OTA/Instrument-Cluster/src-gen/someip/v0/commonapi/ICSomeIPDeployment.cpp">
			<Option target="IC_someip-someip"/>
		</Unit>
		<Unit filename="/home/hanbin/OTA/Instrument-Cluster/src-gen/someip/v0/commonapi/ICSomeIPDeployment.hpp">
			<Option target="IC_someip-someip"/>
		</Unit>
		<Unit filename="/home/hanbin/OTA/Instrument-Cluster/src-gen/someip/v0/commonapi/ICSomeIPProxy.cpp">
			<Option target="IC_someip-someip"/>
		</Unit>
		<Unit filename="/home/hanbin/OTA/Instrument-Cluster/src-gen/someip/v0/commonapi/ICSomeIPProxy.hpp">
			<Option target="IC_someip-someip"/>
		</Unit>
		<Unit filename="/home/hanbin/OTA/Instrument-Cluster/src-gen/someip/v0/commonapi/ICSomeIPStubAdapter.cpp">
			<Option target="IC_someip-someip"/>
		</Unit>
		<Unit filename="/home/hanbin/OTA/Instrument-Cluster/src-gen/someip/v0/commonapi/ICSomeIPStubAdapter.hpp">
			<Option target="IC_someip-someip"/>
		</Unit>
		<Unit filename="/home/hanbin/OTA/Instrument-Cluster/IC_someip/v1.0.0/IC_someip/CMakeLists.txt">
			<Option virtualFolder="CMake Files\"/>
		</Unit>
		<Unit filename="/home/hanbin/OTA/Instrument-Cluster/IC_someip/v1.0.0/IC_someip/qml.qrc">
			<Option virtualFolder="CMake Files\"/>
		</Unit>
		<Unit filename="/home/hanbin/OTA/Instrument-Cluster/IC_someip/v1.0.0/IC_someip/../../../../../../../usr/lib/x86_64-linux-gnu/cmake/BoostDetectToolset-1.71.0.cmake">
			<Option virtualFolder="CMake Files\..\..\..\..\..\..\..\usr\lib\x86_64-linux-gnu\cmake\"/>
		</Unit>
		<Unit filename="/home/hanbin/OTA/Instrument-Cluster/IC_someip/v1.0.0/IC_someip/../../../../../../../usr/lib/x86_64-linux-gnu/cmake/Qt5/Qt5Config.cmake">
			<Option virtualFolder="CMake Files\..\..\..\..\..\..\..\usr\lib\x86_64-linux-gnu\cmake\Qt5\"/>
		</Unit>
		<Unit filename="/home/hanbin/OTA/Instrument-Cluster/IC_someip/v1.0.0/IC_someip/../../../../../../../usr/lib/x86_64-linux-gnu/cmake/Qt5/Qt5ConfigVersion.cmake">
			<Option virtualFolder="CMake Files\..\..\..\..\..\..\..\usr\lib\x86_64-linux-gnu\cmake\Qt5\"/>
		</Unit>
		<Unit filename="/home/hanbin/OTA/Instrument-Cluster/IC_someip/v1.0.0/IC_someip/../../../../../../../usr/lib/x86_64-linux-gnu/cmake/Qt5/Qt5ModuleLocation.cmake">
			<Option virtualFolder="CMake Files\..\..\..\..\..\..\..\usr\lib\x86_64-linux-gnu\cmake\Qt5\"/>
		</Unit>
		<Unit filename="/home/hanbin/OTA/Instrument-Cluster/IC_someip/v1.0.0/IC_someip/../../../../../../../usr/lib/x86_64-linux-gnu/cmake/Qt5Core/Qt5CoreConfig.cmake">
			<Option virtualFolder="CMake Files\..\..\..\..\..\..\..\usr\lib\x86_64-linux-gnu\cmake\Qt5Core\"/>
		</Unit>
		<Unit filename="/home/hanbin/OTA/Instrument-Cluster/IC_someip/v1.0.0/IC_someip/../../../../../../../usr/lib/x86_64-linux-gnu/cmake/Qt5Core/Qt5CoreConfigExtras.cmake">
			<Option virtualFolder="CMake Files\..\..\..\..\..\..\..\usr\lib\x86_64-linux-gnu\cmake\Qt5Core\"/>
		</Unit>
		<Unit filename="/home/hanbin/OTA/Instrument-Cluster/IC_someip/v1.0.0/IC_someip/../../../../../../../usr/lib/x86_64-linux-gnu/cmake/Qt5Core/Qt5CoreConfigExtrasMkspecDir.cmake">
			<Option virtualFolder="CMake Files\..\..\..\..\..\..\..\usr\lib\x86_64-linux-gnu\cmake\Qt5Core\"/>
		</Unit>
		<Unit filename="/home/hanbin/OTA/Instrument-Cluster/IC_someip/v1.0.0/IC_someip/../../../../../../../usr/lib/x86_64-linux-gnu/cmake/Qt5Core/Qt5CoreConfigVersion.cmake">
			<Option virtualFolder="CMake Files\..\..\..\..\..\..\..\usr\lib\x86_64-linux-gnu\cmake\Qt5Core\"/>
		</Unit>
		<Unit filename="/home/hanbin/OTA/Instrument-Cluster/IC_someip/v1.0.0/IC_someip/../../../../../../../usr/lib/x86_64-linux-gnu/cmake/Qt5Core/Qt5CoreMacros.cmake">
			<Option virtualFolder="CMake Files\..\..\..\..\..\..\..\usr\lib\x86_64-linux-gnu\cmake\Qt5Core\"/>
		</Unit>
		<Unit filename="/home/hanbin/OTA/Instrument-Cluster/IC_someip/v1.0.0/IC_someip/../../../../../../../usr/lib/x86_64-linux-gnu/cmake/Qt5Quick/Qt5QuickConfig.cmake">
			<Option virtualFolder="CMake Files\..\..\..\..\..\..\..\usr\lib\x86_64-linux-gnu\cmake\Qt5Quick\"/>
		</Unit>
		<Unit filename="/home/hanbin/OTA/Instrument-Cluster/IC_someip/v1.0.0/IC_someip/../../../../../../../usr/lib/x86_64-linux-gnu/cmake/Qt5Quick/Qt5QuickConfigVersion.cmake">
			<Option virtualFolder="CMake Files\..\..\..\..\..\..\..\usr\lib\x86_64-linux-gnu\cmake\Qt5Quick\"/>
		</Unit>
		<Unit filename="/home/hanbin/OTA/Instrument-Cluster/IC_someip/v1.0.0/IC_someip/../../../../../../../usr/lib/x86_64-linux-gnu/cmake/Qt5Qml/Qt5QmlConfig.cmake">
			<Option virtualFolder="CMake Files\..\..\..\..\..\..\..\usr\lib\x86_64-linux-gnu\cmake\Qt5Qml\"/>
		</Unit>
		<Unit filename="/home/hanbin/OTA/Instrument-Cluster/IC_someip/v1.0.0/IC_someip/../../../../../../../usr/lib/x86_64-linux-gnu/cmake/Qt5Qml/Qt5QmlConfigExtras.cmake">
			<Option virtualFolder="CMake Files\..\..\..\..\..\..\..\usr\lib\x86_64-linux-gnu\cmake\Qt5Qml\"/>
		</Unit>
		<Unit filename="/home/hanbin/OTA/Instrument-Cluster/IC_someip/v1.0.0/IC_someip/../../../../../../../usr/lib/x86_64-linux-gnu/cmake/Qt5Qml/Qt5QmlConfigVersion.cmake">
			<Option virtualFolder="CMake Files\..\..\..\..\..\..\..\usr\lib\x86_64-linux-gnu\cmake\Qt5Qml\"/>
		</Unit>
		<Unit filename="/home/hanbin/OTA/Instrument-Cluster/IC_someip/v1.0.0/IC_someip/../../../../../../../usr/lib/x86_64-linux-gnu/cmake/Qt5Qml/Qt5Qml_QDebugMessageServiceFactory.cmake">
			<Option virtualFolder="CMake Files\..\..\..\..\..\..\..\usr\lib\x86_64-linux-gnu\cmake\Qt5Qml\"/>
		</Unit>
		<Unit filename="/home/hanbin/OTA/Instrument-Cluster/IC_someip/v1.0.0/IC_someip/../../../../../../../usr/lib/x86_64-linux-gnu/cmake/Qt5Qml/Qt5Qml_QLocalClientConnectionFactory.cmake">
			<Option virtualFolder="CMake Files\..\..\..\..\..\..\..\usr\lib\x86_64-linux-gnu\cmake\Qt5Qml\"/>
		</Unit>
		<Unit filename="/home/hanbin/OTA/Instrument-Cluster/IC_someip/v1.0.0/IC_someip/../../../../../../../usr/lib/x86_64-linux-gnu/cmake/Qt5Qml/Qt5Qml_QQmlDebugServerFactory.cmake">
			<Option virtualFolder="CMake Files\..\..\..\..\..\..\..\usr\lib\x86_64-linux-gnu\cmake\Qt5Qml\"/>
		</Unit>
		<Unit filename="/home/hanbin/OTA/Instrument-Cluster/IC_someip/v1.0.0/IC_someip/../../../../../../../usr/lib/x86_64-linux-gnu/cmake/Qt5Qml/Qt5Qml_QQmlDebuggerServiceFactory.cmake">
			<Option virtualFolder="CMake Files\..\..\..\..\..\..\..\usr\lib\x86_64-linux-gnu\cmake\Qt5Qml\"/>
		</Unit>
		<Unit filename="/home/hanbin/OTA/Instrument-Cluster/IC_someip/v1.0.0/IC_someip/../../../../../../../usr/lib/x86_64-linux-gnu/cmake/Qt5Qml/Qt5Qml_QQmlInspectorServiceFactory.cmake">
			<Option virtualFolder="CMake Files\..\..\..\..\..\..\..\usr\lib\x86_64-linux-gnu\cmake\Qt5Qml\"/>
		</Unit>
		<Unit filename="/home/hanbin/OTA/Instrument-Cluster/IC_someip/v1.0.0/IC_someip/../../../../../../../usr/lib/x86_64-linux-gnu/cmake/Qt5Qml/Qt5Qml_QQmlNativeDebugConnectorFactory.cmake">
			<Option virtualFolder="CMake Files\..\..\..\..\..\..\..\usr\lib\x86_64-linux-gnu\cmake\Qt5Qml\"/>
		</Unit>
		<Unit filename="/home/hanbin/OTA/Instrument-Cluster/IC_someip/v1.0.0/IC_someip/../../../../../../../usr/lib/x86_64-linux-gnu/cmake/Qt5Qml/Qt5Qml_QQmlNativeDebugServiceFactory.cmake">
			<Option virtualFolder="CMake Files\..\..\..\..\..\..\..\usr\lib\x86_64-linux-gnu\cmake\Qt5Qml\"/>
		</Unit>
		<Unit filename="/home/hanbin/OTA/Instrument-Cluster/IC_someip/v1.0.0/IC_someip/../../../../../../../usr/lib/x86_64-linux-gnu/cmake/Qt5Qml/Qt5Qml_QQmlPreviewServiceFactory.cmake">
			<Option virtualFolder="CMake Files\..\..\..\..\..\..\..\usr\lib\x86_64-linux-gnu\cmake\Qt5Qml\"/>
		</Unit>
		<Unit filename="/home/hanbin/OTA/Instrument-Cluster/IC_someip/v1.0.0/IC_someip/../../../../../../../usr/lib/x86_64-linux-gnu/cmake/Qt5Qml/Qt5Qml_QQmlProfilerServiceFactory.cmake">
			<Option virtualFolder="CMake Files\..\..\..\..\..\..\..\usr\lib\x86_64-linux-gnu\cmake\Qt5Qml\"/>
		</Unit>
		<Unit filename="/home/hanbin/OTA/Instrument-Cluster/IC_someip/v1.0.0/IC_someip/../../../../../../../usr/lib/x86_64-linux-gnu/cmake/Qt5Qml/Qt5Qml_QQuickProfilerAdapterFactory.cmake">
			<Option virtualFolder="CMake Files\..\..\..\..\..\..\..\usr\lib\x86_64-linux-gnu\cmake\Qt5Qml\"/>
		</Unit>
		<Unit filename="/home/hanbin/OTA/Instrument-Cluster/IC_someip/v1.0.0/IC_someip/../../../../../../../usr/lib/x86_64-linux-gnu/cmake/Qt5Qml/Qt5Qml_QTcpServerConnectionFactory.cmake">
			<Option virtualFolder="CMake Files\..\..\..\..\..\..\..\usr\lib\x86_64-linux-gnu\cmake\Qt5Qml\"/>
		</Unit>
		<Unit filename="/home/hanbin/OTA/Instrument-Cluster/IC_someip/v1.0.0/IC_someip/../../../../../../../usr/lib/x86_64-linux-gnu/cmake/Qt5Network/Qt5NetworkConfig.cmake">
			<Option virtualFolder="CMake Files\..\..\..\..\..\..\..\usr\lib\x86_64-linux-gnu\cmake\Qt5Network\"/>
		</Unit>
		<Unit filename="/home/hanbin/OTA/Instrument-Cluster/IC_someip/v1.0.0/IC_someip/../../../../../../../usr/lib/x86_64-linux-gnu/cmake/Qt5Network/Qt5NetworkConfigVersion.cmake">
			<Option virtualFolder="CMake Files\..\..\..\..\..\..\..\usr\lib\x86_64-linux-gnu\cmake\Qt5Network\"/>
		</Unit>
		<Unit filename="/home/hanbin/OTA/Instrument-Cluster/IC_someip/v1.0.0/IC_someip/../../../../../../../usr/lib/x86_64-linux-gnu/cmake/Qt5Network/Qt5Network_QConnmanEnginePlugin.cmake">
			<Option virtualFolder="CMake Files\..\..\..\..\..\..\..\usr\lib\x86_64-linux-gnu\cmake\Qt5Network\"/>
		</Unit>
		<Unit filename="/home/hanbin/OTA/Instrument-Cluster/IC_someip/v1.0.0/IC_someip/../../../../../../../usr/lib/x86_64-linux-gnu/cmake/Qt5Network/Qt5Network_QGenericEnginePlugin.cmake">
			<Option virtualFolder="CMake Files\..\..\..\..\..\..\..\usr\lib\x86_64-linux-gnu\cmake\Qt5Network\"/>
		</Unit>
		<Unit filename="/home/hanbin/OTA/Instrument-Cluster/IC_someip/v1.0.0/IC_someip/../../../../../../../usr/lib/x86_64-linux-gnu/cmake/Qt5Network/Qt5Network_QNetworkManagerEnginePlugin.cmake">
			<Option virtualFolder="CMake Files\..\..\..\..\..\..\..\usr\lib\x86_64-linux-gnu\cmake\Qt5Network\"/>
		</Unit>
		<Unit filename="/home/hanbin/OTA/Instrument-Cluster/IC_someip/v1.0.0/IC_someip/../../../../../../../usr/lib/x86_64-linux-gnu/cmake/Qt5Gui/Qt5GuiConfig.cmake">
			<Option virtualFolder="CMake Files\..\..\..\..\..\..\..\usr\lib\x86_64-linux-gnu\cmake\Qt5Gui\"/>
		</Unit>
		<Unit filename="/home/hanbin/OTA/Instrument-Cluster/IC_someip/v1.0.0/IC_someip/../../../../../../../usr/lib/x86_64-linux-gnu/cmake/Qt5Gui/Qt5GuiConfigExtras.cmake">
			<Option virtualFolder="CMake Files\..\..\..\..\..\..\..\usr\lib\x86_64-linux-gnu\cmake\Qt5Gui\"/>
		</Unit>
		<Unit filename="/home/hanbin/OTA/Instrument-Cluster/IC_someip/v1.0.0/IC_someip/../../../../../../../usr/lib/x86_64-linux-gnu/cmake/Qt5Gui/Qt5GuiConfigVersion.cmake">
			<Option virtualFolder="CMake Files\..\..\..\..\..\..\..\usr\lib\x86_64-linux-gnu\cmake\Qt5Gui\"/>
		</Unit>
		<Unit filename="/home/hanbin/OTA/Instrument-Cluster/IC_someip/v1.0.0/IC_someip/../../../../../../../usr/lib/x86_64-linux-gnu/cmake/Qt5Gui/Qt5Gui_QComposePlatformInputContextPlugin.cmake">
			<Option virtualFolder="CMake Files\..\..\..\..\..\..\..\usr\lib\x86_64-linux-gnu\cmake\Qt5Gui\"/>
		</Unit>
		<Unit filename="/home/hanbin/OTA/Instrument-Cluster/IC_someip/v1.0.0/IC_someip/../../../../../../../usr/lib/x86_64-linux-gnu/cmake/Qt5Gui/Qt5Gui_QEglFSEmulatorIntegrationPlugin.cmake">
			<Option virtualFolder="CMake Files\..\..\..\..\..\..\..\usr\lib\x86_64-linux-gnu\cmake\Qt5Gui\"/>
		</Unit>
		<Unit filename="/home/hanbin/OTA/Instrument-Cluster/IC_someip/v1.0.0/IC_someip/../../../../../../../usr/lib/x86_64-linux-gnu/cmake/Qt5Gui/Qt5Gui_QEglFSIntegrationPlugin.cmake">
			<Option virtualFolder="CMake Files\..\..\..\..\..\..\..\usr\lib\x86_64-linux-gnu\cmake\Qt5Gui\"/>
		</Unit>
		<Unit filename="/home/hanbin/OTA/Instrument-Cluster/IC_someip/v1.0.0/IC_someip/../../../../../../../usr/lib/x86_64-linux-gnu/cmake/Qt5Gui/Qt5Gui_QEglFSKmsEglDeviceIntegrationPlugin.cmake">
			<Option virtualFolder="CMake Files\..\..\..\..\..\..\..\usr\lib\x86_64-linux-gnu\cmake\Qt5Gui\"/>
		</Unit>
		<Unit filename="/home/hanbin/OTA/Instrument-Cluster/IC_someip/v1.0.0/IC_someip/../../../../../../../usr/lib/x86_64-linux-gnu/cmake/Qt5Gui/Qt5Gui_QEglFSKmsGbmIntegrationPlugin.cmake">
			<Option virtualFolder="CMake Files\..\..\..\..\..\..\..\usr\lib\x86_64-linux-gnu\cmake\Qt5Gui\"/>
		</Unit>
		<Unit filename="/home/hanbin/OTA/Instrument-Cluster/IC_someip/v1.0.0/IC_someip/../../../../../../../usr/lib/x86_64-linux-gnu/cmake/Qt5Gui/Qt5Gui_QEglFSX11IntegrationPlugin.cmake">
			<Option virtualFolder="CMake Files\..\..\..\..\..\..\..\usr\lib\x86_64-linux-gnu\cmake\Qt5Gui\"/>
		</Unit>
		<Unit filename="/home/hanbin/OTA/Instrument-Cluster/IC_someip/v1.0.0/IC_someip/../../../../../../../usr/lib/x86_64-linux-gnu/cmake/Qt5Gui/Qt5Gui_QEvdevKeyboardPlugin.cmake">
			<Option virtualFolder="CMake Files\..\..\..\..\..\..\..\usr\lib\x86_64-linux-gnu\cmake\Qt5Gui\"/>
		</Unit>
		<Unit filename="/home/hanbin/OTA/Instrument-Cluster/IC_someip/v1.0.0/IC_someip/../../../../../../../usr/lib/x86_64-linux-gnu/cmake/Qt5Gui/Qt5Gui_QEvdevMousePlugin.cmake">
			<Option virtualFolder="CMake Files\..\..\..\..\..\..\..\usr\lib\x86_64-linux-gnu\cmake\Qt5Gui\"/>
		</Unit>
		<Unit filename="/home/hanbin/OTA/Instrument-Cluster/IC_someip/v1.0.0/IC_someip/../../../../../../../usr/lib/x86_64-linux-gnu/cmake/Qt5Gui/Qt5Gui_QEvdevTabletPlugin.cmake">
			<Option virtualFolder="CMake Files\..\..\..\..\..\..\..\usr\lib\x86_64-linux-gnu\cmake\Qt5Gui\"/>
		</Unit>
		<Unit filename="/home/hanbin/OTA/Instrument-Cluster/IC_someip/v1.0.0/IC_someip/../../../../../../../usr/lib/x86_64-linux-gnu/cmake/Qt5Gui/Qt5Gui_QEvdevTouchScreenPlugin.cmake">
			<Option virtualFolder="CMake Files\..\..\..\..\..\..\..\usr\lib\x86_64-linux-gnu\cmake\Qt5Gui\"/>
		</Unit>
		<Unit filename="/home/hanbin/OTA/Instrument-Cluster/IC_someip/v1.0.0/IC_someip/../../../../../../../usr/lib/x86_64-linux-gnu/cmake/Qt5Gui/Qt5Gui_QGifPlugin.cmake">
			<Option virtualFolder="CMake Files\..\..\..\..\..\..\..\usr\lib\x86_64-linux-gnu\cmake\Qt5Gui\"/>
		</Unit>
		<Unit filename="/home/hanbin/OTA/Instrument-Cluster/IC_someip/v1.0.0/IC_someip/../../../../../../../usr/lib/x86_64-linux-gnu/cmake/Qt5Gui/Qt5Gui_QICOPlugin.cmake">
			<Option virtualFolder="CMake Files\..\..\..\..\..\..\..\usr\lib\x86_64-linux-gnu\cmake\Qt5Gui\"/>
		</Unit>
		<Unit filename="/home/hanbin/OTA/Instrument-Cluster/IC_someip/v1.0.0/IC_someip/../../../../../../../usr/lib/x86_64-linux-gnu/cmake/Qt5Gui/Qt5Gui_QIbusPlatformInputContextPlugin.cmake">
			<Option virtualFolder="CMake Files\..\..\..\..\..\..\..\usr\lib\x86_64-linux-gnu\cmake\Qt5Gui\"/>
		</Unit>
		<Unit filename="/home/hanbin/OTA/Instrument-Cluster/IC_someip/v1.0.0/IC_someip/../../../../../../../usr/lib/x86_64-linux-gnu/cmake/Qt5Gui/Qt5Gui_QJpegPlugin.cmake">
			<Option virtualFolder="CMake Files\..\..\..\..\..\..\..\usr\lib\x86_64-linux-gnu\cmake\Qt5Gui\"/>
		</Unit>
		<Unit filename="/home/hanbin/OTA/Instrument-Cluster/IC_someip/v1.0.0/IC_someip/../../../../../../../usr/lib/x86_64-linux-gnu/cmake/Qt5Gui/Qt5Gui_QLibInputPlugin.cmake">
			<Option virtualFolder="CMake Files\..\..\..\..\..\..\..\usr\lib\x86_64-linux-gnu\cmake\Qt5Gui\"/>
		</Unit>
		<Unit filename="/home/hanbin/OTA/Instrument-Cluster/IC_someip/v1.0.0/IC_someip/../../../../../../../usr/lib/x86_64-linux-gnu/cmake/Qt5Gui/Qt5Gui_QLinuxFbIntegrationPlugin.cmake">
			<Option virtualFolder="CMake Files\..\..\..\..\..\..\..\usr\lib\x86_64-linux-gnu\cmake\Qt5Gui\"/>
		</Unit>
		<Unit filename="/home/hanbin/OTA/Instrument-Cluster/IC_someip/v1.0.0/IC_someip/../../../../../../../usr/lib/x86_64-linux-gnu/cmake/Qt5Gui/Qt5Gui_QMinimalEglIntegrationPlugin.cmake">
			<Option virtualFolder="CMake Files\..\..\..\..\..\..\..\usr\lib\x86_64-linux-gnu\cmake\Qt5Gui\"/>
		</Unit>
		<Unit filename="/home/hanbin/OTA/Instrument-Cluster/IC_someip/v1.0.0/IC_someip/../../../../../../../usr/lib/x86_64-linux-gnu/cmake/Qt5Gui/Qt5Gui_QMinimalIntegrationPlugin.cmake">
			<Option virtualFolder="CMake Files\..\..\..\..\..\..\..\usr\lib\x86_64-linux-gnu\cmake\Qt5Gui\"/>
		</Unit>
		<Unit filename="/home/hanbin/OTA/Instrument-Cluster/IC_someip/v1.0.0/IC_someip/../../../../../../../usr/lib/x86_64-linux-gnu/cmake/Qt5Gui/Qt5Gui_QOffscreenIntegrationPlugin.cmake">
			<Option virtualFolder="CMake Files\..\..\..\..\..\..\..\usr\lib\x86_64-linux-gnu\cmake\Qt5Gui\"/>
		</Unit>
		<Unit filename="/home/hanbin/OTA/Instrument-Cluster/IC_someip/v1.0.0/IC_someip/../../../../../../../usr/lib/x86_64-linux-gnu/cmake/Qt5Gui/Qt5Gui_QTuioTouchPlugin.cmake">
			<Option virtualFolder="CMake Files\..\..\..\..\..\..\..\usr\lib\x86_64-linux-gnu\cmake\Qt5Gui\"/>
		</Unit>
		<Unit filename="/home/hanbin/OTA/Instrument-Cluster/IC_someip/v1.0.0/IC_someip/../../../../../../../usr/lib/x86_64-linux-gnu/cmake/Qt5Gui/Qt5Gui_QVncIntegrationPlugin.cmake">
			<Option virtualFolder="CMake Files\..\..\..\..\..\..\..\usr\lib\x86_64-linux-gnu\cmake\Qt5Gui\"/>
		</Unit>
		<Unit filename="/home/hanbin/OTA/Instrument-Cluster/IC_someip/v1.0.0/IC_someip/../../../../../../../usr/lib/x86_64-linux-gnu/cmake/Qt5Gui/Qt5Gui_QXcbEglIntegrationPlugin.cmake">
			<Option virtualFolder="CMake Files\..\..\..\..\..\..\..\usr\lib\x86_64-linux-gnu\cmake\Qt5Gui\"/>
		</Unit>
		<Unit filename="/home/hanbin/OTA/Instrument-Cluster/IC_someip/v1.0.0/IC_someip/../../../../../../../usr/lib/x86_64-linux-gnu/cmake/Qt5Gui/Qt5Gui_QXcbGlxIntegrationPlugin.cmake">
			<Option virtualFolder="CMake Files\..\..\..\..\..\..\..\usr\lib\x86_64-linux-gnu\cmake\Qt5Gui\"/>
		</Unit>
		<Unit filename="/home/hanbin/OTA/Instrument-Cluster/IC_someip/v1.0.0/IC_someip/../../../../../../../usr/lib/x86_64-linux-gnu/cmake/Qt5Gui/Qt5Gui_QXcbIntegrationPlugin.cmake">
			<Option virtualFolder="CMake Files\..\..\..\..\..\..\..\usr\lib\x86_64-linux-gnu\cmake\Qt5Gui\"/>
		</Unit>
		<Unit filename="/home/hanbin/OTA/Instrument-Cluster/IC_someip/v1.0.0/IC_someip/../../../../../../../usr/lib/x86_64-linux-gnu/cmake/Qt5Widgets/Qt5WidgetsConfig.cmake">
			<Option virtualFolder="CMake Files\..\..\..\..\..\..\..\usr\lib\x86_64-linux-gnu\cmake\Qt5Widgets\"/>
		</Unit>
		<Unit filename="/home/hanbin/OTA/Instrument-Cluster/IC_someip/v1.0.0/IC_someip/../../../../../../../usr/lib/x86_64-linux-gnu/cmake/Qt5Widgets/Qt5WidgetsConfigExtras.cmake">
			<Option virtualFolder="CMake Files\..\..\..\..\..\..\..\usr\lib\x86_64-linux-gnu\cmake\Qt5Widgets\"/>
		</Unit>
		<Unit filename="/home/hanbin/OTA/Instrument-Cluster/IC_someip/v1.0.0/IC_someip/../../../../../../../usr/lib/x86_64-linux-gnu/cmake/Qt5Widgets/Qt5WidgetsConfigVersion.cmake">
			<Option virtualFolder="CMake Files\..\..\..\..\..\..\..\usr\lib\x86_64-linux-gnu\cmake\Qt5Widgets\"/>
		</Unit>
		<Unit filename="/home/hanbin/OTA/Instrument-Cluster/IC_someip/v1.0.0/IC_someip/../../../../../../../usr/lib/x86_64-linux-gnu/cmake/Qt5Widgets/Qt5WidgetsMacros.cmake">
			<Option virtualFolder="CMake Files\..\..\..\..\..\..\..\usr\lib\x86_64-linux-gnu\cmake\Qt5Widgets\"/>
		</Unit>
		<Unit filename="/home/hanbin/OTA/Instrument-Cluster/IC_someip/v1.0.0/IC_someip/../../../../../../../usr/lib/x86_64-linux-gnu/cmake/Boost-1.71.0/BoostConfig.cmake">
			<Option virtualFolder="CMake Files\..\..\..\..\..\..\..\usr\lib\x86_64-linux-gnu\cmake\Boost-1.71.0\"/>
		</Unit>
		<Unit filename="/home/hanbin/OTA/Instrument-Cluster/IC_someip/v1.0.0/IC_someip/../../../../../../../usr/lib/x86_64-linux-gnu/cmake/Boost-1.71.0/BoostConfigVersion.cmake">
			<Option virtualFolder="CMake Files\..\..\..\..\..\..\..\usr\lib\x86_64-linux-gnu\cmake\Boost-1.71.0\"/>
		</Unit>
		<Unit filename="/home/hanbin/OTA/Instrument-Cluster/IC_someip/v1.0.0/IC_someip/../../../../../../../usr/lib/x86_64-linux-gnu/cmake/boost_headers-1.71.0/boost_headers-config-version.cmake">
			<Option virtualFolder="CMake Files\..\..\..\..\..\..\..\usr\lib\x86_64-linux-gnu\cmake\boost_headers-1.71.0\"/>
		</Unit>
		<Unit filename="/home/hanbin/OTA/Instrument-Cluster/IC_someip/v1.0.0/IC_someip/../../../../../../../usr/lib/x86_64-linux-gnu/cmake/boost_headers-1.71.0/boost_headers-config.cmake">
			<Option virtualFolder="CMake Files\..\..\..\..\..\..\..\usr\lib\x86_64-linux-gnu\cmake\boost_headers-1.71.0\"/>
		</Unit>
		<Unit filename="/home/hanbin/OTA/Instrument-Cluster/IC_someip/v1.0.0/IC_someip/../../../../../../../usr/lib/x86_64-linux-gnu/cmake/boost_system-1.71.0/boost_system-config-version.cmake">
			<Option virtualFolder="CMake Files\..\..\..\..\..\..\..\usr\lib\x86_64-linux-gnu\cmake\boost_system-1.71.0\"/>
		</Unit>
		<Unit filename="/home/hanbin/OTA/Instrument-Cluster/IC_someip/v1.0.0/IC_someip/../../../../../../../usr/lib/x86_64-linux-gnu/cmake/boost_system-1.71.0/boost_system-config.cmake">
			<Option virtualFolder="CMake Files\..\..\..\..\..\..\..\usr\lib\x86_64-linux-gnu\cmake\boost_system-1.71.0\"/>
		</Unit>
		<Unit filename="/home/hanbin/OTA/Instrument-Cluster/IC_someip/v1.0.0/IC_someip/../../../../../../../usr/lib/x86_64-linux-gnu/cmake/boost_system-1.71.0/libboost_system-variant-shared.cmake">
			<Option virtualFolder="CMake Files\..\..\..\..\..\..\..\usr\lib\x86_64-linux-gnu\cmake\boost_system-1.71.0\"/>
		</Unit>
		<Unit filename="/home/hanbin/OTA/Instrument-Cluster/IC_someip/v1.0.0/IC_someip/../../../../../../../usr/lib/x86_64-linux-gnu/cmake/boost_system-1.71.0/libboost_system-variant-static.cmake">
			<Option virtualFolder="CMake Files\..\..\..\..\..\..\..\usr\lib\x86_64-linux-gnu\cmake\boost_system-1.71.0\"/>
		</Unit>
		<Unit filename="/home/hanbin/OTA/Instrument-Cluster/IC_someip/v1.0.0/IC_someip/../../../../../../../usr/lib/x86_64-linux-gnu/cmake/boost_thread-1.71.0/boost_thread-config-version.cmake">
			<Option virtualFolder="CMake Files\..\..\..\..\..\..\..\usr\lib\x86_64-linux-gnu\cmake\boost_thread-1.71.0\"/>
		</Unit>
		<Unit filename="/home/hanbin/OTA/Instrument-Cluster/IC_someip/v1.0.0/IC_someip/../../../../../../../usr/lib/x86_64-linux-gnu/cmake/boost_thread-1.71.0/boost_thread-config.cmake">
			<Option virtualFolder="CMake Files\..\..\..\..\..\..\..\usr\lib\x86_64-linux-gnu\cmake\boost_thread-1.71.0\"/>
		</Unit>
		<Unit filename="/home/hanbin/OTA/Instrument-Cluster/IC_someip/v1.0.0/IC_someip/../../../../../../../usr/lib/x86_64-linux-gnu/cmake/boost_thread-1.71.0/libboost_thread-variant-shared.cmake">
			<Option virtualFolder="CMake Files\..\..\..\..\..\..\..\usr\lib\x86_64-linux-gnu\cmake\boost_thread-1.71.0\"/>
		</Unit>
		<Unit filename="/home/hanbin/OTA/Instrument-Cluster/IC_someip/v1.0.0/IC_someip/../../../../../../../usr/lib/x86_64-linux-gnu/cmake/boost_thread-1.71.0/libboost_thread-variant-static.cmake">
			<Option virtualFolder="CMake Files\..\..\..\..\..\..\..\usr\lib\x86_64-linux-gnu\cmake\boost_thread-1.71.0\"/>
		</Unit>
		<Unit filename="/home/hanbin/OTA/Instrument-Cluster/IC_someip/v1.0.0/IC_someip/../../../../../../../usr/lib/x86_64-linux-gnu/cmake/boost_atomic-1.71.0/boost_atomic-config-version.cmake">
			<Option virtualFolder="CMake Files\..\..\..\..\..\..\..\usr\lib\x86_64-linux-gnu\cmake\boost_atomic-1.71.0\"/>
		</Unit>
		<Unit filename="/home/hanbin/OTA/Instrument-Cluster/IC_someip/v1.0.0/IC_someip/../../../../../../../usr/lib/x86_64-linux-gnu/cmake/boost_atomic-1.71.0/boost_atomic-config.cmake">
			<Option virtualFolder="CMake Files\..\..\..\..\..\..\..\usr\lib\x86_64-linux-gnu\cmake\boost_atomic-1.71.0\"/>
		</Unit>
		<Unit filename="/home/hanbin/OTA/Instrument-Cluster/IC_someip/v1.0.0/IC_someip/../../../../../../../usr/lib/x86_64-linux-gnu/cmake/boost_atomic-1.71.0/libboost_atomic-variant-shared.cmake">
			<Option virtualFolder="CMake Files\..\..\..\..\..\..\..\usr\lib\x86_64-linux-gnu\cmake\boost_atomic-1.71.0\"/>
		</Unit>
		<Unit filename="/home/hanbin/OTA/Instrument-Cluster/IC_someip/v1.0.0/IC_someip/../../../../../../../usr/lib/x86_64-linux-gnu/cmake/boost_atomic-1.71.0/libboost_atomic-variant-static.cmake">
			<Option virtualFolder="CMake Files\..\..\..\..\..\..\..\usr\lib\x86_64-linux-gnu\cmake\boost_atomic-1.71.0\"/>
		</Unit>
		<Unit filename="/home/hanbin/OTA/Instrument-Cluster/IC_someip/v1.0.0/IC_someip/../../../../../../../usr/lib/x86_64-linux-gnu/cmake/boost_log-1.71.0/boost_log-config-version.cmake">
			<Option virtualFolder="CMake Files\..\..\..\..\..\..\..\usr\lib\x86_64-linux-gnu\cmake\boost_log-1.71.0\"/>
		</Unit>
		<Unit filename="/home/hanbin/OTA/Instrument-Cluster/IC_someip/v1.0.0/IC_someip/../../../../../../../usr/lib/x86_64-linux-gnu/cmake/boost_log-1.71.0/boost_log-config.cmake">
			<Option virtualFolder="CMake Files\..\..\..\..\..\..\..\usr\lib\x86_64-linux-gnu\cmake\boost_log-1.71.0\"/>
		</Unit>
		<Unit filename="/home/hanbin/OTA/Instrument-Cluster/IC_someip/v1.0.0/IC_someip/../../../../../../../usr/lib/x86_64-linux-gnu/cmake/boost_log-1.71.0/libboost_log-variant-shared.cmake">
			<Option virtualFolder="CMake Files\..\..\..\..\..\..\..\usr\lib\x86_64-linux-gnu\cmake\boost_log-1.71.0\"/>
		</Unit>
		<Unit filename="/home/hanbin/OTA/Instrument-Cluster/IC_someip/v1.0.0/IC_someip/../../../../../../../usr/lib/x86_64-linux-gnu/cmake/boost_log-1.71.0/libboost_log-variant-static.cmake">
			<Option virtualFolder="CMake Files\..\..\..\..\..\..\..\usr\lib\x86_64-linux-gnu\cmake\boost_log-1.71.0\"/>
		</Unit>
		<Unit filename="/home/hanbin/OTA/Instrument-Cluster/IC_someip/v1.0.0/IC_someip/../../../../../../../usr/lib/x86_64-linux-gnu/cmake/boost_chrono-1.71.0/boost_chrono-config-version.cmake">
			<Option virtualFolder="CMake Files\..\..\..\..\..\..\..\usr\lib\x86_64-linux-gnu\cmake\boost_chrono-1.71.0\"/>
		</Unit>
		<Unit filename="/home/hanbin/OTA/Instrument-Cluster/IC_someip/v1.0.0/IC_someip/../../../../../../../usr/lib/x86_64-linux-gnu/cmake/boost_chrono-1.71.0/boost_chrono-config.cmake">
			<Option virtualFolder="CMake Files\..\..\..\..\..\..\..\usr\lib\x86_64-linux-gnu\cmake\boost_chrono-1.71.0\"/>
		</Unit>
		<Unit filename="/home/hanbin/OTA/Instrument-Cluster/IC_someip/v1.0.0/IC_someip/../../../../../../../usr/lib/x86_64-linux-gnu/cmake/boost_chrono-1.71.0/libboost_chrono-variant-shared.cmake">
			<Option virtualFolder="CMake Files\..\..\..\..\..\..\..\usr\lib\x86_64-linux-gnu\cmake\boost_chrono-1.71.0\"/>
		</Unit>
		<Unit filename="/home/hanbin/OTA/Instrument-Cluster/IC_someip/v1.0.0/IC_someip/../../../../../../../usr/lib/x86_64-linux-gnu/cmake/boost_chrono-1.71.0/libboost_chrono-variant-static.cmake">
			<Option virtualFolder="CMake Files\..\..\..\..\..\..\..\usr\lib\x86_64-linux-gnu\cmake\boost_chrono-1.71.0\"/>
		</Unit>
		<Unit filename="/home/hanbin/OTA/Instrument-Cluster/IC_someip/v1.0.0/IC_someip/../../../../../../../usr/lib/x86_64-linux-gnu/cmake/boost_date_time-1.71.0/boost_date_time-config-version.cmake">
			<Option virtualFolder="CMake Files\..\..\..\..\..\..\..\usr\lib\x86_64-linux-gnu\cmake\boost_date_time-1.71.0\"/>
		</Unit>
		<Unit filename="/home/hanbin/OTA/Instrument-Cluster/IC_someip/v1.0.0/IC_someip/../../../../../../../usr/lib/x86_64-linux-gnu/cmake/boost_date_time-1.71.0/boost_date_time-config.cmake">
			<Option virtualFolder="CMake Files\..\..\..\..\..\..\..\usr\lib\x86_64-linux-gnu\cmake\boost_date_time-1.71.0\"/>
		</Unit>
		<Unit filename="/home/hanbin/OTA/Instrument-Cluster/IC_someip/v1.0.0/IC_someip/../../../../../../../usr/lib/x86_64-linux-gnu/cmake/boost_date_time-1.71.0/libboost_date_time-variant-shared.cmake">
			<Option virtualFolder="CMake Files\..\..\..\..\..\..\..\usr\lib\x86_64-linux-gnu\cmake\boost_date_time-1.71.0\"/>
		</Unit>
		<Unit filename="/home/hanbin/OTA/Instrument-Cluster/IC_someip/v1.0.0/IC_someip/../../../../../../../usr/lib/x86_64-linux-gnu/cmake/boost_date_time-1.71.0/libboost_date_time-variant-static.cmake">
			<Option virtualFolder="CMake Files\..\..\..\..\..\..\..\usr\lib\x86_64-linux-gnu\cmake\boost_date_time-1.71.0\"/>
		</Unit>
		<Unit filename="/home/hanbin/OTA/Instrument-Cluster/IC_someip/v1.0.0/IC_someip/../../../../../../../usr/lib/x86_64-linux-gnu/cmake/boost_filesystem-1.71.0/boost_filesystem-config-version.cmake">
			<Option virtualFolder="CMake Files\..\..\..\..\..\..\..\usr\lib\x86_64-linux-gnu\cmake\boost_filesystem-1.71.0\"/>
		</Unit>
		<Unit filename="/home/hanbin/OTA/Instrument-Cluster/IC_someip/v1.0.0/IC_someip/../../../../../../../usr/lib/x86_64-linux-gnu/cmake/boost_filesystem-1.71.0/boost_filesystem-config.cmake">
			<Option virtualFolder="CMake Files\..\..\..\..\..\..\..\usr\lib\x86_64-linux-gnu\cmake\boost_filesystem-1.71.0\"/>
		</Unit>
		<Unit filename="/home/hanbin/OTA/Instrument-Cluster/IC_someip/v1.0.0/IC_someip/../../../../../../../usr/lib/x86_64-linux-gnu/cmake/boost_filesystem-1.71.0/libboost_filesystem-variant-shared.cmake">
			<Option virtualFolder="CMake Files\..\..\..\..\..\..\..\usr\lib\x86_64-linux-gnu\cmake\boost_filesystem-1.71.0\"/>
		</Unit>
		<Unit filename="/home/hanbin/OTA/Instrument-Cluster/IC_someip/v1.0.0/IC_someip/../../../../../../../usr/lib/x86_64-linux-gnu/cmake/boost_filesystem-1.71.0/libboost_filesystem-variant-static.cmake">
			<Option virtualFolder="CMake Files\..\..\..\..\..\..\..\usr\lib\x86_64-linux-gnu\cmake\boost_filesystem-1.71.0\"/>
		</Unit>
		<Unit filename="/home/hanbin/OTA/Instrument-Cluster/IC_someip/v1.0.0/IC_someip/../../../../../../../usr/lib/x86_64-linux-gnu/cmake/boost_regex-1.71.0/boost_regex-config-version.cmake">
			<Option virtualFolder="CMake Files\..\..\..\..\..\..\..\usr\lib\x86_64-linux-gnu\cmake\boost_regex-1.71.0\"/>
		</Unit>
		<Unit filename="/home/hanbin/OTA/Instrument-Cluster/IC_someip/v1.0.0/IC_someip/../../../../../../../usr/lib/x86_64-linux-gnu/cmake/boost_regex-1.71.0/boost_regex-config.cmake">
			<Option virtualFolder="CMake Files\..\..\..\..\..\..\..\usr\lib\x86_64-linux-gnu\cmake\boost_regex-1.71.0\"/>
		</Unit>
		<Unit filename="/home/hanbin/OTA/Instrument-Cluster/IC_someip/v1.0.0/IC_someip/../../../../../../../usr/lib/x86_64-linux-gnu/cmake/boost_regex-1.71.0/libboost_regex-variant-shared.cmake">
			<Option virtualFolder="CMake Files\..\..\..\..\..\..\..\usr\lib\x86_64-linux-gnu\cmake\boost_regex-1.71.0\"/>
		</Unit>
		<Unit filename="/home/hanbin/OTA/Instrument-Cluster/IC_someip/v1.0.0/IC_someip/../../../../../../../usr/lib/x86_64-linux-gnu/cmake/boost_regex-1.71.0/libboost_regex-variant-static.cmake">
			<Option virtualFolder="CMake Files\..\..\..\..\..\..\..\usr\lib\x86_64-linux-gnu\cmake\boost_regex-1.71.0\"/>
		</Unit>
		<Unit filename="/home/hanbin/OTA/Instrument-Cluster/IC_someip/v1.0.0/IC_someip/../../../../../../../usr/local/lib/cmake/CommonAPI-SomeIP-3.2.4/CommonAPI-SomeIPConfig.cmake">
			<Option virtualFolder="CMake Files\..\..\..\..\..\..\..\usr\local\lib\cmake\CommonAPI-SomeIP-3.2.4\"/>
		</Unit>
		<Unit filename="/home/hanbin/OTA/Instrument-Cluster/IC_someip/v1.0.0/IC_someip/../../../../../../../usr/local/lib/cmake/CommonAPI-SomeIP-3.2.4/CommonAPI-SomeIPConfigVersion.cmake">
			<Option virtualFolder="CMake Files\..\..\..\..\..\..\..\usr\local\lib\cmake\CommonAPI-SomeIP-3.2.4\"/>
		</Unit>
		<Unit filename="/home/hanbin/OTA/Instrument-Cluster/IC_someip/v1.0.0/IC_someip/../../../../../../../usr/local/lib/cmake/CommonAPI-SomeIP-3.2.4/CommonAPI-SomeIPTargets-relwithdebinfo.cmake">
			<Option virtualFolder="CMake Files\..\..\..\..\..\..\..\usr\local\lib\cmake\CommonAPI-SomeIP-3.2.4\"/>
		</Unit>
		<Unit filename="/home/hanbin/OTA/Instrument-Cluster/IC_someip/v1.0.0/IC_someip/../../../../../../../usr/local/lib/cmake/CommonAPI-SomeIP-3.2.4/CommonAPI-SomeIPTargets.cmake">
			<Option virtualFolder="CMake Files\..\..\..\..\..\..\..\usr\local\lib\cmake\CommonAPI-SomeIP-3.2.4\"/>
		</Unit>
		<Unit filename="/home/hanbin/OTA/Instrument-Cluster/IC_someip/v1.0.0/IC_someip/../../../../../capicxx-core-runtime/build/CommonAPIConfig.cmake">
			<Option virtualFolder="CMake Files\..\..\..\..\..\capicxx-core-runtime\build\"/>
		</Unit>
		<Unit filename="/home/hanbin/OTA/Instrument-Cluster/IC_someip/v1.0.0/IC_someip/../../../../../capicxx-core-runtime/build/CommonAPIConfigVersion.cmake">
			<Option virtualFolder="CMake Files\..\..\..\..\..\capicxx-core-runtime\build\"/>
		</Unit>
		<Unit filename="/home/hanbin/OTA/Instrument-Cluster/IC_someip/v1.0.0/IC_someip/../../../../../capicxx-core-runtime/build/CommonAPITargets.cmake">
			<Option virtualFolder="CMake Files\..\..\..\..\..\capicxx-core-runtime\build\"/>
		</Unit>
		<Unit filename="/home/hanbin/OTA/Instrument-Cluster/IC_someip/v1.0.0/IC_someip/../../../../../vsomeip/build/vsomeip3Config.cmake">
			<Option virtualFolder="CMake Files\..\..\..\..\..\vsomeip\build\"/>
		</Unit>
		<Unit filename="/home/hanbin/OTA/Instrument-Cluster/IC_someip/v1.0.0/IC_someip/../../../../../vsomeip/build/vsomeip3ConfigVersion.cmake">
			<Option virtualFolder="CMake Files\..\..\..\..\..\vsomeip\build\"/>
		</Unit>
		<Unit filename="/home/hanbin/OTA/Instrument-Cluster/IC_someip/v1.0.0/IC_someip/../../../../../vsomeip/build/vsomeip3Targets.cmake">
			<Option virtualFolder="CMake Files\..\..\..\..\..\vsomeip\build\"/>
		</Unit>
	</Project>
</CodeBlocks_project_file>
